
Microsoft Visual Studio Solution File, Format Version 12.00
# Visual Studio Version 17
VisualStudioVersion = 17.4.33205.214
MinimumVisualStudioVersion = 10.0.40219.1
Project("{FAE04EC0-301F-11D3-BF4B-00C04F79EFBC}") = "IocContainer", "IocContainer\IocContainer.csproj", "{25A0A321-F60E-455D-A6C1-7C02FA8CAD82}"
EndProject
Global
	GlobalSection(SolutionConfigurationPlatforms) = preSolution
		Debug|Any CPU = Debug|Any CPU
		Release|Any CPU = Release|Any CPU
	EndGlobalSection
	GlobalSection(ProjectConfigurationPlatforms) = postSolution
		{25A0A321-F60E-455D-A6C1-7C02FA8CAD82}.Debug|Any CPU.ActiveCfg = Debug|Any CPU
		{25A0A321-F60E-455D-A6C1-7C02FA8CAD82}.Debug|Any CPU.Build.0 = Debug|Any CPU
		{25A0A321-F60E-455D-A6C1-7C02FA8CAD82}.Release|Any CPU.ActiveCfg = Release|Any CPU
		{25A0A321-F60E-455D-A6C1-7C02FA8CAD82}.Release|Any CPU.Build.0 = Release|Any CPU
	EndGlobalSection
	GlobalSection(SolutionProperties) = preSolution
		HideSolutionNode = FALSE
	EndGlobalSection
	GlobalSection(ExtensibilityGlobals) = postSolution
		SolutionGuid = {6B69CE84-2865-4807-88D7-28F6483BBC42}
	EndGlobalSection
EndGlobal
