
Microsoft Visual Studio Solution File, Format Version 12.00
# Visual Studio Version 17
VisualStudioVersion = 17.4.33122.133
MinimumVisualStudioVersion = 10.0.40219.1
Project("{FAE04EC0-301F-11D3-BF4B-00C04F79EFBC}") = "PassingData", "PassingData\PassingData.csproj", "{2BD3ED0C-55E0-412F-A96A-D5B33863655D}"
EndProject
Global
	GlobalSection(SolutionConfigurationPlatforms) = preSolution
		Debug|Any CPU = Debug|Any CPU
		Release|Any CPU = Release|Any CPU
	EndGlobalSection
	GlobalSection(ProjectConfigurationPlatforms) = postSolution
		{2BD3ED0C-55E0-412F-A96A-D5B33863655D}.Debug|Any CPU.ActiveCfg = Debug|Any CPU
		{2BD3ED0C-55E0-412F-A96A-D5B33863655D}.Debug|Any CPU.Build.0 = Debug|Any CPU
		{2BD3ED0C-55E0-412F-A96A-D5B33863655D}.Release|Any CPU.ActiveCfg = Release|Any CPU
		{2BD3ED0C-55E0-412F-A96A-D5B33863655D}.Release|Any CPU.Build.0 = Release|Any CPU
	EndGlobalSection
	GlobalSection(SolutionProperties) = preSolution
		HideSolutionNode = FALSE
	EndGlobalSection
	GlobalSection(ExtensibilityGlobals) = postSolution
		SolutionGuid = {50F7BE3B-F684-4DAB-B3EA-20DC58F5748C}
	EndGlobalSection
EndGlobal
