
Microsoft Visual Studio Solution File, Format Version 12.00
# Visual Studio Version 17
VisualStudioVersion = 17.4.33205.214
MinimumVisualStudioVersion = 10.0.40219.1
Project("{FAE04EC0-301F-11D3-BF4B-00C04F79EFBC}") = "Interfaces", "Interfaces\Interfaces.csproj", "{F18F15F3-7AF9-4F2A-8C74-83BBC3C269E4}"
EndProject
Global
	GlobalSection(SolutionConfigurationPlatforms) = preSolution
		Debug|Any CPU = Debug|Any CPU
		Release|Any CPU = Release|Any CPU
	EndGlobalSection
	GlobalSection(ProjectConfigurationPlatforms) = postSolution
		{F18F15F3-7AF9-4F2A-8C74-83BBC3C269E4}.Debug|Any CPU.ActiveCfg = Debug|Any CPU
		{F18F15F3-7AF9-4F2A-8C74-83BBC3C269E4}.Debug|Any CPU.Build.0 = Debug|Any CPU
		{F18F15F3-7AF9-4F2A-8C74-83BBC3C269E4}.Release|Any CPU.ActiveCfg = Release|Any CPU
		{F18F15F3-7AF9-4F2A-8C74-83BBC3C269E4}.Release|Any CPU.Build.0 = Release|Any CPU
	EndGlobalSection
	GlobalSection(SolutionProperties) = preSolution
		HideSolutionNode = FALSE
	EndGlobalSection
	GlobalSection(ExtensibilityGlobals) = postSolution
		SolutionGuid = {4D51FCEA-0278-49E9-B054-9F0423365B09}
	EndGlobalSection
EndGlobal
